version = 1
requires-python = ">=3.13"

[[package]]
name = "flip-7-sim"
version = "0.1.0"
source = { virtual = "." }

[package.dev-dependencies]
dev = [
    { name = "logbasic" },
]

[package.metadata]

[package.metadata.requires-dev]
dev = [{ name = "logbasic", specifier = ">=0.0.9" }]

[[package]]
name = "logbasic"
version = "0.0.9"
source = { registry = "https://pypi.org/simple" }
sdist = { url = "https://files.pythonhosted.org/packages/a7/cf/546e423c509a680637d99c75ee943ab5268f0f93beb7c3c8c2f66d6d5ae3/logbasic-0.0.9.tar.gz", hash = "sha256:84a6f1eaab9d4d3cb99c91970380d4189129ff2100dacea793e3c89d71536b62", size = 5142 }
wheels = [
    { url = "https://files.pythonhosted.org/packages/c5/70/d814d8bcfcba72e1f045d1ffb4623696f6463e1b48d64b69e000fb4d057c/logbasic-0.0.9-py3-none-any.whl", hash = "sha256:df6d5527e036c83df829313a8765104f78fbcb470c8e38b706bd0f9dd9b67686", size = 5327 },
]
